{
  "requires": true,
  "lockfileVersion": 1,
  "dependencies": {
    "react-st-modal": {
      "version": "1.1.3",
      "resolved": "https://registry.npmjs.org/react-st-modal/-/react-st-modal-1.1.3.tgz",
      "integrity": "sha512-QNAKjxPPKcHHGDKvXjcTkGgSzxd495nBxunGf3t4XfKjEDARKANcFg8yC1a3T2h/kXKB+YQfVuR5bK9iERWDDg=="
    }
  }
}
